Microsoft Visual Studio Solution File, Format Version 12.00
# Visual Studio Version 17
VisualStudioVersion = 17.5.2.0
MinimumVisualStudioVersion = 10.0.40219.1
Project("{FAE04EC0-301F-11D3-BF4B-00C04F79EFBC}") = "Ambientacao", "Ambientacao.csproj", "{7DE38A3A-F037-30A9-B896-05CE55F5B8EA}"
EndProject
Global
	GlobalSection(SolutionConfigurationPlatforms) = preSolution
		Debug|Any CPU = Debug|Any CPU
		Release|Any CPU = Release|Any CPU
	EndGlobalSection
	GlobalSection(ProjectConfigurationPlatforms) = postSolution
		{7DE38A3A-F037-30A9-B896-05CE55F5B8EA}.Debug|Any CPU.ActiveCfg = Debug|Any CPU
		{7DE38A3A-F037-30A9-B896-05CE55F5B8EA}.Debug|Any CPU.Build.0 = Debug|Any CPU
		{7DE38A3A-F037-30A9-B896-05CE55F5B8EA}.Release|Any CPU.ActiveCfg = Release|Any CPU
		{7DE38A3A-F037-30A9-B896-05CE55F5B8EA}.Release|Any CPU.Build.0 = Release|Any CPU
	EndGlobalSection
	GlobalSection(SolutionProperties) = preSolution
		HideSolutionNode = FALSE
	EndGlobalSection
	GlobalSection(ExtensibilityGlobals) = postSolution
		SolutionGuid = {2C0DBBEE-CED7-4725-B558-574325EEF5F0}
	EndGlobalSection
EndGlobal
